
Microsoft Visual Studio Solution File, Format Version 12.00
# Visual Studio 14
VisualStudioVersion = 14.0.25420.1
MinimumVisualStudioVersion = 10.0.40219.1
Project("{FAE04EC0-301F-11D3-BF4B-00C04F79EFBC}") = "Elders.Cronus.DomainModeling", "Elders.Cronus.DomainModeling\Elders.Cronus.DomainModeling.csproj", "{3603583E-C261-4AA6-AE73-B3F4C7440D7C}"
EndProject
Project("{2150E333-8FDC-42A3-9474-1A3956D46DE8}") = ".build", ".build", "{F728284A-F867-418F-864B-A0AF11289A32}"
	ProjectSection(SolutionItems) = preProject
		Elders.Cronus.DomainModeling\Cronus.DomainModeling.nuspec = Elders.Cronus.DomainModeling\Cronus.DomainModeling.nuspec
		Elders.Cronus.DomainModeling\Elders.Cronus.DomainModeling.rn.md = Elders.Cronus.DomainModeling\Elders.Cronus.DomainModeling.rn.md
	EndProjectSection
EndProject
Project("{FAE04EC0-301F-11D3-BF4B-00C04F79EFBC}") = "Elders.Cronus.DomainModeling.Tests", "Elders.Cronus.DomainModeling.Tests\Elders.Cronus.DomainModeling.Tests.csproj", "{983DA5E2-3F18-4D8F-A192-A85C7A74D561}"
EndProject
Global
	GlobalSection(SolutionConfigurationPlatforms) = preSolution
		Debug|Any CPU = Debug|Any CPU
		Release|Any CPU = Release|Any CPU
	EndGlobalSection
	GlobalSection(ProjectConfigurationPlatforms) = postSolution
		{3603583E-C261-4AA6-AE73-B3F4C7440D7C}.Debug|Any CPU.ActiveCfg = Debug|Any CPU
		{3603583E-C261-4AA6-AE73-B3F4C7440D7C}.Debug|Any CPU.Build.0 = Debug|Any CPU
		{3603583E-C261-4AA6-AE73-B3F4C7440D7C}.Release|Any CPU.ActiveCfg = Release|Any CPU
		{3603583E-C261-4AA6-AE73-B3F4C7440D7C}.Release|Any CPU.Build.0 = Release|Any CPU
		{983DA5E2-3F18-4D8F-A192-A85C7A74D561}.Debug|Any CPU.ActiveCfg = Debug|Any CPU
		{983DA5E2-3F18-4D8F-A192-A85C7A74D561}.Debug|Any CPU.Build.0 = Debug|Any CPU
		{983DA5E2-3F18-4D8F-A192-A85C7A74D561}.Release|Any CPU.ActiveCfg = Release|Any CPU
		{983DA5E2-3F18-4D8F-A192-A85C7A74D561}.Release|Any CPU.Build.0 = Release|Any CPU
	EndGlobalSection
	GlobalSection(SolutionProperties) = preSolution
		HideSolutionNode = FALSE
	EndGlobalSection
EndGlobal
